
Microsoft Visual Studio Solution File, Format Version 12.00
# Visual Studio Version 17
VisualStudioVersion = 17.2.32630.192
MinimumVisualStudioVersion = 10.0.40219.1
Project("{9A19103F-16F7-4668-BE54-9A1E7A4F7556}") = "Aula01", "Aula01\Aula01.csproj", "{3360BD90-5582-4B64-BBA6-BBB010119E63}"
EndProject
Project("{FAE04EC0-301F-11D3-BF4B-00C04F79EFBC}") = "Aula01.Domain", "Aula01.Domain\Aula01.Domain.csproj", "{AAFF1C72-6893-475D-8FCA-99D11D96C76E}"
EndProject
Project("{FAE04EC0-301F-11D3-BF4B-00C04F79EFBC}") = "Aula01.Data", "Aula01.Data\Aula01.Data.csproj", "{926CD8C6-B043-4B4D-96DA-AACEF3714C78}"
EndProject
Global
	GlobalSection(SolutionConfigurationPlatforms) = preSolution
		Debug|Any CPU = Debug|Any CPU
		Release|Any CPU = Release|Any CPU
	EndGlobalSection
	GlobalSection(ProjectConfigurationPlatforms) = postSolution
		{3360BD90-5582-4B64-BBA6-BBB010119E63}.Debug|Any CPU.ActiveCfg = Debug|Any CPU
		{3360BD90-5582-4B64-BBA6-BBB010119E63}.Debug|Any CPU.Build.0 = Debug|Any CPU
		{3360BD90-5582-4B64-BBA6-BBB010119E63}.Release|Any CPU.ActiveCfg = Release|Any CPU
		{3360BD90-5582-4B64-BBA6-BBB010119E63}.Release|Any CPU.Build.0 = Release|Any CPU
		{AAFF1C72-6893-475D-8FCA-99D11D96C76E}.Debug|Any CPU.ActiveCfg = Debug|Any CPU
		{AAFF1C72-6893-475D-8FCA-99D11D96C76E}.Debug|Any CPU.Build.0 = Debug|Any CPU
		{AAFF1C72-6893-475D-8FCA-99D11D96C76E}.Release|Any CPU.ActiveCfg = Release|Any CPU
		{AAFF1C72-6893-475D-8FCA-99D11D96C76E}.Release|Any CPU.Build.0 = Release|Any CPU
		{926CD8C6-B043-4B4D-96DA-AACEF3714C78}.Debug|Any CPU.ActiveCfg = Debug|Any CPU
		{926CD8C6-B043-4B4D-96DA-AACEF3714C78}.Debug|Any CPU.Build.0 = Debug|Any CPU
		{926CD8C6-B043-4B4D-96DA-AACEF3714C78}.Release|Any CPU.ActiveCfg = Release|Any CPU
		{926CD8C6-B043-4B4D-96DA-AACEF3714C78}.Release|Any CPU.Build.0 = Release|Any CPU
	EndGlobalSection
	GlobalSection(SolutionProperties) = preSolution
		HideSolutionNode = FALSE
	EndGlobalSection
	GlobalSection(ExtensibilityGlobals) = postSolution
		SolutionGuid = {42F9BC93-6A9B-48D3-B498-F98E8AE101AD}
	EndGlobalSection
EndGlobal
